// !$*UTF8*$!
{
	archiveVersion = 1;
	classes = {
	};
	objectVersion = 46;
	objects = {

/* Begin PBXBuildFile section */
		8F64C851B6B3800470E0EFD1 /* Pods.framework in Frameworks */ = {isa = PBXBuildFile; fileRef = 902FA5247A1361FFD623A45E /* Pods.framework */; };
		AF0399171CACCDD700989E43 /* AppDelegate.swift in Sources */ = {isa = PBXBuildFile; fileRef = AF0399161CACCDD700989E43 /* AppDelegate.swift */; };
		AF03991C1CACCDD700989E43 /* Main.storyboard in Resources */ = {isa = PBXBuildFile; fileRef = AF03991A1CACCDD700989E43 /* Main.storyboard */; };
		AF03991E1CACCDD700989E43 /* Assets.xcassets in Resources */ = {isa = PBXBuildFile; fileRef = AF03991D1CACCDD700989E43 /* Assets.xcassets */; };
		AF0399211CACCDD700989E43 /* LaunchScreen.storyboard in Resources */ = {isa = PBXBuildFile; fileRef = AF03991F1CACCDD700989E43 /* LaunchScreen.storyboard */; };
		AF0399291CACD16600989E43 /* GameTableViewController.swift in Sources */ = {isa = PBXBuildFile; fileRef = AF0399281CACD16600989E43 /* GameTableViewController.swift */; };
		AF03992B1CACD19900989E43 /* AddViewController.swift in Sources */ = {isa = PBXBuildFile; fileRef = AF03992A1CACD19900989E43 /* AddViewController.swift */; };
		AF282B581CACDC1400B74182 /* WebViewController.swift in Sources */ = {isa = PBXBuildFile; fileRef = AF282B571CACDC1400B74182 /* WebViewController.swift */; };
		AF9DED301CACD50D0029B1D7 /* Game.swift in Sources */ = {isa = PBXBuildFile; fileRef = AF9DED2F1CACD50D0029B1D7 /* Game.swift */; };
/* End PBXBuildFile section */

/* Begin PBXFileReference section */
		902FA5247A1361FFD623A45E /* Pods.framework */ = {isa = PBXFileReference; explicitFileType = wrapper.framework; includeInIndex = 0; path = Pods.framework; sourceTree = BUILT_PRODUCTS_DIR; };
		A52F7DCBD7BB4ABE9A5E6EC0 /* Pods.release.xcconfig */ = {isa = PBXFileReference; includeInIndex = 1; lastKnownFileType = text.xcconfig; name = Pods.release.xcconfig; path = "Pods/Target Support Files/Pods/Pods.release.xcconfig"; sourceTree = "<group>"; };
		AF0399131CACCDD700989E43 /* games-firebase.app */ = {isa = PBXFileReference; explicitFileType = wrapper.application; includeInIndex = 0; path = "games-firebase.app"; sourceTree = BUILT_PRODUCTS_DIR; };
		AF0399161CACCDD700989E43 /* AppDelegate.swift */ = {isa = PBXFileReference; lastKnownFileType = sourcecode.swift; path = AppDelegate.swift; sourceTree = "<group>"; };
		AF03991B1CACCDD700989E43 /* Base */ = {isa = PBXFileReference; lastKnownFileType = file.storyboard; name = Base; path = Base.lproj/Main.storyboard; sourceTree = "<group>"; };
		AF03991D1CACCDD700989E43 /* Assets.xcassets */ = {isa = PBXFileReference; lastKnownFileType = folder.assetcatalog; path = Assets.xcassets; sourceTree = "<group>"; };
		AF0399201CACCDD700989E43 /* Base */ = {isa = PBXFileReference; lastKnownFileType = file.storyboard; name = Base; path = Base.lproj/LaunchScreen.storyboard; sourceTree = "<group>"; };
		AF0399221CACCDD700989E43 /* Info.plist */ = {isa = PBXFileReference; lastKnownFileType = text.plist.xml; path = Info.plist; sourceTree = "<group>"; };
		AF0399281CACD16600989E43 /* GameTableViewController.swift */ = {isa = PBXFileReference; fileEncoding = 4; lastKnownFileType = sourcecode.swift; path = GameTableViewController.swift; sourceTree = "<group>"; };
		AF03992A1CACD19900989E43 /* AddViewController.swift */ = {isa = PBXFileReference; fileEncoding = 4; lastKnownFileType = sourcecode.swift; path = AddViewController.swift; sourceTree = "<group>"; };
		AF282B571CACDC1400B74182 /* WebViewController.swift */ = {isa = PBXFileReference; fileEncoding = 4; lastKnownFileType = sourcecode.swift; path = WebViewController.swift; sourceTree = "<group>"; };
		AF9DED2F1CACD50D0029B1D7 /* Game.swift */ = {isa = PBXFileReference; fileEncoding = 4; lastKnownFileType = sourcecode.swift; path = Game.swift; sourceTree = "<group>"; };
		FA63FA56A68E6F9A5343CCF5 /* Pods.debug.xcconfig */ = {isa = PBXFileReference; includeInIndex = 1; lastKnownFileType = text.xcconfig; name = Pods.debug.xcconfig; path = "Pods/Target Support Files/Pods/Pods.debug.xcconfig"; sourceTree = "<group>"; };
/* End PBXFileReference section */

/* Begin PBXFrameworksBuildPhase section */
		AF0399101CACCDD700989E43 /* Frameworks */ = {
			isa = PBXFrameworksBuildPhase;
			buildActionMask = 2147483647;
			files = (
				8F64C851B6B3800470E0EFD1 /* Pods.framework in Frameworks */,
			);
			runOnlyForDeploymentPostprocessing = 0;
		};
/* End PBXFrameworksBuildPhase section */

/* Begin PBXGroup section */
		26055F33683097A743E8C66A /* Frameworks */ = {
			isa = PBXGroup;
			children = (
				902FA5247A1361FFD623A45E /* Pods.framework */,
			);
			name = Frameworks;
			sourceTree = "<group>";
		};
		8AD8114BC170762C94F0672B /* Pods */ = {
			isa = PBXGroup;
			children = (
				FA63FA56A68E6F9A5343CCF5 /* Pods.debug.xcconfig */,
				A52F7DCBD7BB4ABE9A5E6EC0 /* Pods.release.xcconfig */,
			);
			name = Pods;
			sourceTree = "<group>";
		};
		AF03990A1CACCDD600989E43 = {
			isa = PBXGroup;
			children = (
				AF0399151CACCDD700989E43 /* games-firebase */,
				AF0399141CACCDD700989E43 /* Products */,
				8AD8114BC170762C94F0672B /* Pods */,
				26055F33683097A743E8C66A /* Frameworks */,
			);
			sourceTree = "<group>";
		};
		AF0399141CACCDD700989E43 /* Products */ = {
			isa = PBXGroup;
			children = (
				AF0399131CACCDD700989E43 /* games-firebase.app */,
			);
			name = Products;
			sourceTree = "<group>";
		};
		AF0399151CACCDD700989E43 /* games-firebase */ = {
			isa = PBXGroup;
			children = (
				AF0399161CACCDD700989E43 /* AppDelegate.swift */,
				AF0399281CACD16600989E43 /* GameTableViewController.swift */,
				AF03992A1CACD19900989E43 /* AddViewController.swift */,
				AF282B571CACDC1400B74182 /* WebViewController.swift */,
				AF9DED2F1CACD50D0029B1D7 /* Game.swift */,
				AF03991A1CACCDD700989E43 /* Main.storyboard */,
				AF03991D1CACCDD700989E43 /* Assets.xcassets */,
				AF03991F1CACCDD700989E43 /* LaunchScreen.storyboard */,
				AF0399221CACCDD700989E43 /* Info.plist */,
			);
			path = "games-firebase";
			sourceTree = "<group>";
		};
/* End PBXGroup section */

/* Begin PBXNativeTarget section */
		AF0399121CACCDD700989E43 /* games-firebase */ = {
			isa = PBXNativeTarget;
			buildConfigurationList = AF0399251CACCDD700989E43 /* Build configuration list for PBXNativeTarget "games-firebase" */;
			buildPhases = (
				4B3E9C8A25AFB45E7FADF9C8 /* Check Pods Manifest.lock */,
				AF03990F1CACCDD700989E43 /* Sources */,
				AF0399101CACCDD700989E43 /* Frameworks */,
				AF0399111CACCDD700989E43 /* Resources */,
				1F9928641DB560F78E5FF133 /* Embed Pods Frameworks */,
				1E122540FC7B42277D5D6758 /* Copy Pods Resources */,
			);
			buildRules = (
			);
			dependencies = (
			);
			name = "games-firebase";
			productName = "games-firebase";
			productReference = AF0399131CACCDD700989E43 /* games-firebase.app */;
			productType = "com.apple.product-type.application";
		};
/* End PBXNativeTarget section */

/* Begin PBXProject section */
		AF03990B1CACCDD600989E43 /* Project object */ = {
			isa = PBXProject;
			attributes = {
				LastSwiftUpdateCheck = 0720;
				LastUpgradeCheck = 0720;
				ORGANIZATIONNAME = "Mitchell Wolfe";
				TargetAttributes = {
					AF0399121CACCDD700989E43 = {
						CreatedOnToolsVersion = 7.2;
						DevelopmentTeam = 22RA866XNK;
					};
				};
			};
			buildConfigurationList = AF03990E1CACCDD600989E43 /* Build configuration list for PBXProject "games-firebase" */;
			compatibilityVersion = "Xcode 3.2";
			developmentRegion = English;
			hasScannedForEncodings = 0;
			knownRegions = (
				en,
				Base,
			);
			mainGroup = AF03990A1CACCDD600989E43;
			productRefGroup = AF0399141CACCDD700989E43 /* Products */;
			projectDirPath = "";
			projectRoot = "";
			targets = (
				AF0399121CACCDD700989E43 /* games-firebase */,
			);
		};
/* End PBXProject section */

/* Begin PBXResourcesBuildPhase section */
		AF0399111CACCDD700989E43 /* Resources */ = {
			isa = PBXResourcesBuildPhase;
			buildActionMask = 2147483647;
			files = (
				AF0399211CACCDD700989E43 /* LaunchScreen.storyboard in Resources */,
				AF03991E1CACCDD700989E43 /* Assets.xcassets in Resources */,
				AF03991C1CACCDD700989E43 /* Main.storyboard in Resources */,
			);
			runOnlyForDeploymentPostprocessing = 0;
		};
/* End PBXResourcesBuildPhase section */

/* Begin PBXShellScriptBuildPhase section */
		1E122540FC7B42277D5D6758 /* Copy Pods Resources */ = {
			isa = PBXShellScriptBuildPhase;
			buildActionMask = 2147483647;
			files = (
			);
			inputPaths = (
			);
			name = "Copy Pods Resources";
			outputPaths = (
			);
			runOnlyForDeploymentPostprocessing = 0;
			shellPath = /bin/sh;
			shellScript = "\"${SRCROOT}/Pods/Target Support Files/Pods/Pods-resources.sh\"\n";
			showEnvVarsInLog = 0;
		};
		1F9928641DB560F78E5FF133 /* Embed Pods Frameworks */ = {
			isa = PBXShellScriptBuildPhase;
			buildActionMask = 2147483647;
			files = (
			);
			inputPaths = (
			);
			name = "Embed Pods Frameworks";
			outputPaths = (
			);
			runOnlyForDeploymentPostprocessing = 0;
			shellPath = /bin/sh;
			shellScript = "\"${SRCROOT}/Pods/Target Support Files/Pods/Pods-frameworks.sh\"\n";
			showEnvVarsInLog = 0;
		};
		4B3E9C8A25AFB45E7FADF9C8 /* Check Pods Manifest.lock */ = {
			isa = PBXShellScriptBuildPhase;
			buildActionMask = 2147483647;
			files = (
			);
			inputPaths = (
			);
			name = "Check Pods Manifest.lock";
			outputPaths = (
			);
			runOnlyForDeploymentPostprocessing = 0;
			shellPath = /bin/sh;
			shellScript = "diff \"${PODS_ROOT}/../Podfile.lock\" \"${PODS_ROOT}/Manifest.lock\" > /dev/null\nif [[ $? != 0 ]] ; then\n    cat << EOM\nerror: The sandbox is not in sync with the Podfile.lock. Run 'pod install' or update your CocoaPods installation.\nEOM\n    exit 1\nfi\n";
			showEnvVarsInLog = 0;
		};
/* End PBXShellScriptBuildPhase section */

/* Begin PBXSourcesBuildPhase section */
		AF03990F1CACCDD700989E43 /* Sources */ = {
			isa = PBXSourcesBuildPhase;
			buildActionMask = 2147483647;
			files = (
				AF0399171CACCDD700989E43 /* AppDelegate.swift in Sources */,
				AF0399291CACD16600989E43 /* GameTableViewController.swift in Sources */,
				AF03992B1CACD19900989E43 /* AddViewController.swift in Sources */,
				AF282B581CACDC1400B74182 /* WebViewController.swift in Sources */,
				AF9DED301CACD50D0029B1D7 /* Game.swift in Sources */,
			);
			runOnlyForDeploymentPostprocessing = 0;
		};
/* End PBXSourcesBuildPhase section */

/* Begin PBXVariantGroup section */
		AF03991A1CACCDD700989E43 /* Main.storyboard */ = {
			isa = PBXVariantGroup;
			children = (
				AF03991B1CACCDD700989E43 /* Base */,
			);
			name = Main.storyboard;
			sourceTree = "<group>";
		};
		AF03991F1CACCDD700989E43 /* LaunchScreen.storyboard */ = {
			isa = PBXVariantGroup;
			children = (
				AF0399201CACCDD700989E43 /* Base */,
			);
			name = LaunchScreen.storyboard;
			sourceTree = "<group>";
		};
/* End PBXVariantGroup section */

/* Begin XCBuildConfiguration section */
		AF0399231CACCDD700989E43 /* Debug */ = {
			isa = XCBuildConfiguration;
			buildSettings = {
				ALWAYS_SEARCH_USER_PATHS = NO;
				CLANG_CXX_LANGUAGE_STANDARD = "gnu++0x";
				CLANG_CXX_LIBRARY = "libc++";
				CLANG_ENABLE_MODULES = YES;
				CLANG_ENABLE_OBJC_ARC = YES;
				CLANG_WARN_BOOL_CONVERSION = YES;
				CLANG_WARN_CONSTANT_CONVERSION = YES;
				CLANG_WARN_DIRECT_OBJC_ISA_USAGE = YES_ERROR;
				CLANG_WARN_EMPTY_BODY = YES;
				CLANG_WARN_ENUM_CONVERSION = YES;
				CLANG_WARN_INT_CONVERSION = YES;
				CLANG_WARN_OBJC_ROOT_CLASS = YES_ERROR;
				CLANG_WARN_UNREACHABLE_CODE = YES;
				CLANG_WARN__DUPLICATE_METHOD_MATCH = YES;
				"CODE_SIGN_IDENTITY[sdk=iphoneos*]" = "iPhone Developer";
				COPY_PHASE_STRIP = NO;
				DEBUG_INFORMATION_FORMAT = dwarf;
				ENABLE_STRICT_OBJC_MSGSEND = YES;
				ENABLE_TESTABILITY = YES;
				GCC_C_LANGUAGE_STANDARD = gnu99;
				GCC_DYNAMIC_NO_PIC = NO;
				GCC_NO_COMMON_BLOCKS = YES;
				GCC_OPTIMIZATION_LEVEL = 0;
				GCC_PREPROCESSOR_DEFINITIONS = (
					"DEBUG=1",
					"$(inherited)",
				);
				GCC_WARN_64_TO_32_BIT_CONVERSION = YES;
				GCC_WARN_ABOUT_RETURN_TYPE = YES_ERROR;
				GCC_WARN_UNDECLARED_SELECTOR = YES;
				GCC_WARN_UNINITIALIZED_AUTOS = YES_AGGRESSIVE;
				GCC_WARN_UNUSED_FUNCTION = YES;
				GCC_WARN_UNUSED_VARIABLE = YES;
				IPHONEOS_DEPLOYMENT_TARGET = 9.2;
				MTL_ENABLE_DEBUG_INFO = YES;
				ONLY_ACTIVE_ARCH = YES;
				SDKROOT = iphoneos;
				SWIFT_OPTIMIZATION_LEVEL = "-Onone";
				TARGETED_DEVICE_FAMILY = "1,2";
			};
			name = Debug;
		};
		AF0399241CACCDD700989E43 /* Release */ = {
			isa = XCBuildConfiguration;
			buildSettings = {
				ALWAYS_SEARCH_USER_PATHS = NO;
				CLANG_CXX_LANGUAGE_STANDARD = "gnu++0x";
				CLANG_CXX_LIBRARY = "libc++";
				CLANG_ENABLE_MODULES = YES;
				CLANG_ENABLE_OBJC_ARC = YES;
				CLANG_WARN_BOOL_CONVERSION = YES;
				CLANG_WARN_CONSTANT_CONVERSION = YES;
				CLANG_WARN_DIRECT_OBJC_ISA_USAGE = YES_ERROR;
				CLANG_WARN_EMPTY_BODY = YES;
				CLANG_WARN_ENUM_CONVERSION = YES;
				CLANG_WARN_INT_CONVERSION = YES;
				CLANG_WARN_OBJC_ROOT_CLASS = YES_ERROR;
				CLANG_WARN_UNREACHABLE_CODE = YES;
				CLANG_WARN__DUPLICATE_METHOD_MATCH = YES;
				"CODE_SIGN_IDENTITY[sdk=iphoneos*]" = "iPhone Developer";
				COPY_PHASE_STRIP = NO;
				DEBUG_INFORMATION_FORMAT = "dwarf-with-dsym";
				ENABLE_NS_ASSERTIONS = NO;
				ENABLE_STRICT_OBJC_MSGSEND = YES;
				GCC_C_LANGUAGE_STANDARD = gnu99;
				GCC_NO_COMMON_BLOCKS = YES;
				GCC_WARN_64_TO_32_BIT_CONVERSION = YES;
				GCC_WARN_ABOUT_RETURN_TYPE = YES_ERROR;
				GCC_WARN_UNDECLARED_SELECTOR = YES;
				GCC_WARN_UNINITIALIZED_AUTOS = YES_AGGRESSIVE;
				GCC_WARN_UNUSED_FUNCTION = YES;
				GCC_WARN_UNUSED_VARIABLE = YES;
				IPHONEOS_DEPLOYMENT_TARGET = 9.2;
				MTL_ENABLE_DEBUG_INFO = NO;
				SDKROOT = iphoneos;
				TARGETED_DEVICE_FAMILY = "1,2";
				VALIDATE_PRODUCT = YES;
			};
			name = Release;
		};
		AF0399261CACCDD700989E43 /* Debug */ = {
			isa = XCBuildConfiguration;
			baseConfigurationReference = FA63FA56A68E6F9A5343CCF5 /* Pods.debug.xcconfig */;
			buildSettings = {
				ASSETCATALOG_COMPILER_APPICON_NAME = AppIcon;
				INFOPLIST_FILE = "games-firebase/Info.plist";
				LD_RUNPATH_SEARCH_PATHS = "$(inherited) @executable_path/Frameworks";
				PRODUCT_BUNDLE_IDENTIFIER = "mitchellwolfe.games-firebase";
				PRODUCT_NAME = "$(TARGET_NAME)";
			};
			name = Debug;
		};
		AF0399271CACCDD700989E43 /* Release */ = {
			isa = XCBuildConfiguration;
			baseConfigurationReference = A52F7DCBD7BB4ABE9A5E6EC0 /* Pods.release.xcconfig */;
			buildSettings = {
				ASSETCATALOG_COMPILER_APPICON_NAME = AppIcon;
				INFOPLIST_FILE = "games-firebase/Info.plist";
				LD_RUNPATH_SEARCH_PATHS = "$(inherited) @executable_path/Frameworks";
				PRODUCT_BUNDLE_IDENTIFIER = "mitchellwolfe.games-firebase";
				PRODUCT_NAME = "$(TARGET_NAME)";
			};
			name = Release;
		};
/* End XCBuildConfiguration section */

/* Begin XCConfigurationList section */
		AF03990E1CACCDD600989E43 /* Build configuration list for PBXProject "games-firebase" */ = {
			isa = XCConfigurationList;
			buildConfigurations = (
				AF0399231CACCDD700989E43 /* Debug */,
				AF0399241CACCDD700989E43 /* Release */,
			);
			defaultConfigurationIsVisible = 0;
			defaultConfigurationName = Release;
		};
		AF0399251CACCDD700989E43 /* Build configuration list for PBXNativeTarget "games-firebase" */ = {
			isa = XCConfigurationList;
			buildConfigurations = (
				AF0399261CACCDD700989E43 /* Debug */,
				AF0399271CACCDD700989E43 /* Release */,
			);
			defaultConfigurationIsVisible = 0;
			defaultConfigurationName = Release;
		};
/* End XCConfigurationList section */
	};
	rootObject = AF03990B1CACCDD600989E43 /* Project object */;
}
