// !$*UTF8*$!
{
	archiveVersion = 1;
	classes = {
	};
	objectVersion = 46;
	objects = {

/* Begin PBXBuildFile section */
		AF89E3B91C619A6100BD3AD1 /* AppDelegate.swift in Sources */ = {isa = PBXBuildFile; fileRef = AF89E3B81C619A6100BD3AD1 /* AppDelegate.swift */; };
		AF89E3BB1C619A6100BD3AD1 /* ViewController.swift in Sources */ = {isa = PBXBuildFile; fileRef = AF89E3BA1C619A6100BD3AD1 /* ViewController.swift */; };
		AF89E3BE1C619A6100BD3AD1 /* Main.storyboard in Resources */ = {isa = PBXBuildFile; fileRef = AF89E3BC1C619A6100BD3AD1 /* Main.storyboard */; };
		AF89E3C01C619A6100BD3AD1 /* Assets.xcassets in Resources */ = {isa = PBXBuildFile; fileRef = AF89E3BF1C619A6100BD3AD1 /* Assets.xcassets */; };
		AF89E3C31C619A6100BD3AD1 /* LaunchScreen.storyboard in Resources */ = {isa = PBXBuildFile; fileRef = AF89E3C11C619A6100BD3AD1 /* LaunchScreen.storyboard */; };
		AF89E3CD1C619EC100BD3AD1 /* games.plist in Resources */ = {isa = PBXBuildFile; fileRef = AF89E3CC1C619EC100BD3AD1 /* games.plist */; };
		AF89E3D11C61BDE000BD3AD1 /* SearchResultsController.swift in Sources */ = {isa = PBXBuildFile; fileRef = AF89E3D01C61BDE000BD3AD1 /* SearchResultsController.swift */; };
/* End PBXBuildFile section */

/* Begin PBXFileReference section */
		AF89E3B51C619A6100BD3AD1 /* games-table.app */ = {isa = PBXFileReference; explicitFileType = wrapper.application; includeInIndex = 0; path = "games-table.app"; sourceTree = BUILT_PRODUCTS_DIR; };
		AF89E3B81C619A6100BD3AD1 /* AppDelegate.swift */ = {isa = PBXFileReference; lastKnownFileType = sourcecode.swift; path = AppDelegate.swift; sourceTree = "<group>"; };
		AF89E3BA1C619A6100BD3AD1 /* ViewController.swift */ = {isa = PBXFileReference; lastKnownFileType = sourcecode.swift; path = ViewController.swift; sourceTree = "<group>"; };
		AF89E3BD1C619A6100BD3AD1 /* Base */ = {isa = PBXFileReference; lastKnownFileType = file.storyboard; name = Base; path = Base.lproj/Main.storyboard; sourceTree = "<group>"; };
		AF89E3BF1C619A6100BD3AD1 /* Assets.xcassets */ = {isa = PBXFileReference; lastKnownFileType = folder.assetcatalog; path = Assets.xcassets; sourceTree = "<group>"; };
		AF89E3C21C619A6100BD3AD1 /* Base */ = {isa = PBXFileReference; lastKnownFileType = file.storyboard; name = Base; path = Base.lproj/LaunchScreen.storyboard; sourceTree = "<group>"; };
		AF89E3C41C619A6100BD3AD1 /* Info.plist */ = {isa = PBXFileReference; lastKnownFileType = text.plist.xml; path = Info.plist; sourceTree = "<group>"; };
		AF89E3CC1C619EC100BD3AD1 /* games.plist */ = {isa = PBXFileReference; fileEncoding = 4; lastKnownFileType = text.plist.xml; path = games.plist; sourceTree = "<group>"; };
		AF89E3D01C61BDE000BD3AD1 /* SearchResultsController.swift */ = {isa = PBXFileReference; fileEncoding = 4; lastKnownFileType = sourcecode.swift; name = SearchResultsController.swift; path = ../SearchResultsController.swift; sourceTree = "<group>"; };
/* End PBXFileReference section */

/* Begin PBXFrameworksBuildPhase section */
		AF89E3B21C619A6100BD3AD1 /* Frameworks */ = {
			isa = PBXFrameworksBuildPhase;
			buildActionMask = 2147483647;
			files = (
			);
			runOnlyForDeploymentPostprocessing = 0;
		};
/* End PBXFrameworksBuildPhase section */

/* Begin PBXGroup section */
		AF89E3AC1C619A6100BD3AD1 = {
			isa = PBXGroup;
			children = (
				AF89E3B71C619A6100BD3AD1 /* games-table */,
				AF89E3B61C619A6100BD3AD1 /* Products */,
			);
			sourceTree = "<group>";
		};
		AF89E3B61C619A6100BD3AD1 /* Products */ = {
			isa = PBXGroup;
			children = (
				AF89E3B51C619A6100BD3AD1 /* games-table.app */,
			);
			name = Products;
			sourceTree = "<group>";
		};
		AF89E3B71C619A6100BD3AD1 /* games-table */ = {
			isa = PBXGroup;
			children = (
				AF89E3D01C61BDE000BD3AD1 /* SearchResultsController.swift */,
				AF89E3B81C619A6100BD3AD1 /* AppDelegate.swift */,
				AF89E3BA1C619A6100BD3AD1 /* ViewController.swift */,
				AF89E3BC1C619A6100BD3AD1 /* Main.storyboard */,
				AF89E3BF1C619A6100BD3AD1 /* Assets.xcassets */,
				AF89E3C11C619A6100BD3AD1 /* LaunchScreen.storyboard */,
				AF89E3CC1C619EC100BD3AD1 /* games.plist */,
				AF89E3C41C619A6100BD3AD1 /* Info.plist */,
			);
			path = "games-table";
			sourceTree = "<group>";
		};
/* End PBXGroup section */

/* Begin PBXNativeTarget section */
		AF89E3B41C619A6100BD3AD1 /* games-table */ = {
			isa = PBXNativeTarget;
			buildConfigurationList = AF89E3C71C619A6100BD3AD1 /* Build configuration list for PBXNativeTarget "games-table" */;
			buildPhases = (
				AF89E3B11C619A6100BD3AD1 /* Sources */,
				AF89E3B21C619A6100BD3AD1 /* Frameworks */,
				AF89E3B31C619A6100BD3AD1 /* Resources */,
			);
			buildRules = (
			);
			dependencies = (
			);
			name = "games-table";
			productName = "games-table";
			productReference = AF89E3B51C619A6100BD3AD1 /* games-table.app */;
			productType = "com.apple.product-type.application";
		};
/* End PBXNativeTarget section */

/* Begin PBXProject section */
		AF89E3AD1C619A6100BD3AD1 /* Project object */ = {
			isa = PBXProject;
			attributes = {
				LastSwiftUpdateCheck = 0720;
				LastUpgradeCheck = 0720;
				ORGANIZATIONNAME = "Mitchell Wolfe";
				TargetAttributes = {
					AF89E3B41C619A6100BD3AD1 = {
						CreatedOnToolsVersion = 7.2;
						DevelopmentTeam = 22RA866XNK;
					};
				};
			};
			buildConfigurationList = AF89E3B01C619A6100BD3AD1 /* Build configuration list for PBXProject "games-table" */;
			compatibilityVersion = "Xcode 3.2";
			developmentRegion = English;
			hasScannedForEncodings = 0;
			knownRegions = (
				en,
				Base,
			);
			mainGroup = AF89E3AC1C619A6100BD3AD1;
			productRefGroup = AF89E3B61C619A6100BD3AD1 /* Products */;
			projectDirPath = "";
			projectRoot = "";
			targets = (
				AF89E3B41C619A6100BD3AD1 /* games-table */,
			);
		};
/* End PBXProject section */

/* Begin PBXResourcesBuildPhase section */
		AF89E3B31C619A6100BD3AD1 /* Resources */ = {
			isa = PBXResourcesBuildPhase;
			buildActionMask = 2147483647;
			files = (
				AF89E3C31C619A6100BD3AD1 /* LaunchScreen.storyboard in Resources */,
				AF89E3C01C619A6100BD3AD1 /* Assets.xcassets in Resources */,
				AF89E3CD1C619EC100BD3AD1 /* games.plist in Resources */,
				AF89E3BE1C619A6100BD3AD1 /* Main.storyboard in Resources */,
			);
			runOnlyForDeploymentPostprocessing = 0;
		};
/* End PBXResourcesBuildPhase section */

/* Begin PBXSourcesBuildPhase section */
		AF89E3B11C619A6100BD3AD1 /* Sources */ = {
			isa = PBXSourcesBuildPhase;
			buildActionMask = 2147483647;
			files = (
				AF89E3BB1C619A6100BD3AD1 /* ViewController.swift in Sources */,
				AF89E3D11C61BDE000BD3AD1 /* SearchResultsController.swift in Sources */,
				AF89E3B91C619A6100BD3AD1 /* AppDelegate.swift in Sources */,
			);
			runOnlyForDeploymentPostprocessing = 0;
		};
/* End PBXSourcesBuildPhase section */

/* Begin PBXVariantGroup section */
		AF89E3BC1C619A6100BD3AD1 /* Main.storyboard */ = {
			isa = PBXVariantGroup;
			children = (
				AF89E3BD1C619A6100BD3AD1 /* Base */,
			);
			name = Main.storyboard;
			sourceTree = "<group>";
		};
		AF89E3C11C619A6100BD3AD1 /* LaunchScreen.storyboard */ = {
			isa = PBXVariantGroup;
			children = (
				AF89E3C21C619A6100BD3AD1 /* Base */,
			);
			name = LaunchScreen.storyboard;
			sourceTree = "<group>";
		};
/* End PBXVariantGroup section */

/* Begin XCBuildConfiguration section */
		AF89E3C51C619A6100BD3AD1 /* Debug */ = {
			isa = XCBuildConfiguration;
			buildSettings = {
				ALWAYS_SEARCH_USER_PATHS = NO;
				CLANG_CXX_LANGUAGE_STANDARD = "gnu++0x";
				CLANG_CXX_LIBRARY = "libc++";
				CLANG_ENABLE_MODULES = YES;
				CLANG_ENABLE_OBJC_ARC = YES;
				CLANG_WARN_BOOL_CONVERSION = YES;
				CLANG_WARN_CONSTANT_CONVERSION = YES;
				CLANG_WARN_DIRECT_OBJC_ISA_USAGE = YES_ERROR;
				CLANG_WARN_EMPTY_BODY = YES;
				CLANG_WARN_ENUM_CONVERSION = YES;
				CLANG_WARN_INT_CONVERSION = YES;
				CLANG_WARN_OBJC_ROOT_CLASS = YES_ERROR;
				CLANG_WARN_UNREACHABLE_CODE = YES;
				CLANG_WARN__DUPLICATE_METHOD_MATCH = YES;
				"CODE_SIGN_IDENTITY[sdk=iphoneos*]" = "iPhone Developer";
				COPY_PHASE_STRIP = NO;
				DEBUG_INFORMATION_FORMAT = dwarf;
				ENABLE_STRICT_OBJC_MSGSEND = YES;
				ENABLE_TESTABILITY = YES;
				GCC_C_LANGUAGE_STANDARD = gnu99;
				GCC_DYNAMIC_NO_PIC = NO;
				GCC_NO_COMMON_BLOCKS = YES;
				GCC_OPTIMIZATION_LEVEL = 0;
				GCC_PREPROCESSOR_DEFINITIONS = (
					"DEBUG=1",
					"$(inherited)",
				);
				GCC_WARN_64_TO_32_BIT_CONVERSION = YES;
				GCC_WARN_ABOUT_RETURN_TYPE = YES_ERROR;
				GCC_WARN_UNDECLARED_SELECTOR = YES;
				GCC_WARN_UNINITIALIZED_AUTOS = YES_AGGRESSIVE;
				GCC_WARN_UNUSED_FUNCTION = YES;
				GCC_WARN_UNUSED_VARIABLE = YES;
				IPHONEOS_DEPLOYMENT_TARGET = 9.2;
				MTL_ENABLE_DEBUG_INFO = YES;
				ONLY_ACTIVE_ARCH = YES;
				SDKROOT = iphoneos;
				SWIFT_OPTIMIZATION_LEVEL = "-Onone";
			};
			name = Debug;
		};
		AF89E3C61C619A6100BD3AD1 /* Release */ = {
			isa = XCBuildConfiguration;
			buildSettings = {
				ALWAYS_SEARCH_USER_PATHS = NO;
				CLANG_CXX_LANGUAGE_STANDARD = "gnu++0x";
				CLANG_CXX_LIBRARY = "libc++";
				CLANG_ENABLE_MODULES = YES;
				CLANG_ENABLE_OBJC_ARC = YES;
				CLANG_WARN_BOOL_CONVERSION = YES;
				CLANG_WARN_CONSTANT_CONVERSION = YES;
				CLANG_WARN_DIRECT_OBJC_ISA_USAGE = YES_ERROR;
				CLANG_WARN_EMPTY_BODY = YES;
				CLANG_WARN_ENUM_CONVERSION = YES;
				CLANG_WARN_INT_CONVERSION = YES;
				CLANG_WARN_OBJC_ROOT_CLASS = YES_ERROR;
				CLANG_WARN_UNREACHABLE_CODE = YES;
				CLANG_WARN__DUPLICATE_METHOD_MATCH = YES;
				"CODE_SIGN_IDENTITY[sdk=iphoneos*]" = "iPhone Developer";
				COPY_PHASE_STRIP = NO;
				DEBUG_INFORMATION_FORMAT = "dwarf-with-dsym";
				ENABLE_NS_ASSERTIONS = NO;
				ENABLE_STRICT_OBJC_MSGSEND = YES;
				GCC_C_LANGUAGE_STANDARD = gnu99;
				GCC_NO_COMMON_BLOCKS = YES;
				GCC_WARN_64_TO_32_BIT_CONVERSION = YES;
				GCC_WARN_ABOUT_RETURN_TYPE = YES_ERROR;
				GCC_WARN_UNDECLARED_SELECTOR = YES;
				GCC_WARN_UNINITIALIZED_AUTOS = YES_AGGRESSIVE;
				GCC_WARN_UNUSED_FUNCTION = YES;
				GCC_WARN_UNUSED_VARIABLE = YES;
				IPHONEOS_DEPLOYMENT_TARGET = 9.2;
				MTL_ENABLE_DEBUG_INFO = NO;
				SDKROOT = iphoneos;
				VALIDATE_PRODUCT = YES;
			};
			name = Release;
		};
		AF89E3C81C619A6100BD3AD1 /* Debug */ = {
			isa = XCBuildConfiguration;
			buildSettings = {
				ASSETCATALOG_COMPILER_APPICON_NAME = AppIcon;
				INFOPLIST_FILE = "games-table/Info.plist";
				LD_RUNPATH_SEARCH_PATHS = "$(inherited) @executable_path/Frameworks";
				PRODUCT_BUNDLE_IDENTIFIER = "mitchellwolfe.games-table";
				PRODUCT_NAME = "$(TARGET_NAME)";
			};
			name = Debug;
		};
		AF89E3C91C619A6100BD3AD1 /* Release */ = {
			isa = XCBuildConfiguration;
			buildSettings = {
				ASSETCATALOG_COMPILER_APPICON_NAME = AppIcon;
				INFOPLIST_FILE = "games-table/Info.plist";
				LD_RUNPATH_SEARCH_PATHS = "$(inherited) @executable_path/Frameworks";
				PRODUCT_BUNDLE_IDENTIFIER = "mitchellwolfe.games-table";
				PRODUCT_NAME = "$(TARGET_NAME)";
			};
			name = Release;
		};
/* End XCBuildConfiguration section */

/* Begin XCConfigurationList section */
		AF89E3B01C619A6100BD3AD1 /* Build configuration list for PBXProject "games-table" */ = {
			isa = XCConfigurationList;
			buildConfigurations = (
				AF89E3C51C619A6100BD3AD1 /* Debug */,
				AF89E3C61C619A6100BD3AD1 /* Release */,
			);
			defaultConfigurationIsVisible = 0;
			defaultConfigurationName = Release;
		};
		AF89E3C71C619A6100BD3AD1 /* Build configuration list for PBXNativeTarget "games-table" */ = {
			isa = XCConfigurationList;
			buildConfigurations = (
				AF89E3C81C619A6100BD3AD1 /* Debug */,
				AF89E3C91C619A6100BD3AD1 /* Release */,
			);
			defaultConfigurationIsVisible = 0;
		};
/* End XCConfigurationList section */
	};
	rootObject = AF89E3AD1C619A6100BD3AD1 /* Project object */;
}
